
Microsoft Visual Studio Solution File, Format Version 12.00
# Visual Studio Version 17
VisualStudioVersion = 17.9.34616.47
MinimumVisualStudioVersion = 10.0.40219.1
Project("{9A19103F-16F7-4668-BE54-9A1E7A4F7556}") = "TakumiTest1", "Takumi-test1\TakumiTest1.csproj", "{8E911117-989B-461A-810C-69FF534DCCC3}"
EndProject
Global
	GlobalSection(SolutionConfigurationPlatforms) = preSolution
		Debug|Any CPU = Debug|Any CPU
		Release|Any CPU = Release|Any CPU
	EndGlobalSection
	GlobalSection(ProjectConfigurationPlatforms) = postSolution
		{8E911117-989B-461A-810C-69FF534DCCC3}.Debug|Any CPU.ActiveCfg = Debug|Any CPU
		{8E911117-989B-461A-810C-69FF534DCCC3}.Debug|Any CPU.Build.0 = Debug|Any CPU
		{8E911117-989B-461A-810C-69FF534DCCC3}.Release|Any CPU.ActiveCfg = Release|Any CPU
		{8E911117-989B-461A-810C-69FF534DCCC3}.Release|Any CPU.Build.0 = Release|Any CPU
	EndGlobalSection
	GlobalSection(SolutionProperties) = preSolution
		HideSolutionNode = FALSE
	EndGlobalSection
	GlobalSection(ExtensibilityGlobals) = postSolution
		SolutionGuid = {5F7E6A8A-88A0-46F7-B86E-F9798B078979}
	EndGlobalSection
EndGlobal
