
Microsoft Visual Studio Solution File, Format Version 12.00
# Visual Studio Version 16
VisualStudioVersion = 25.0.1706.10
MinimumVisualStudioVersion = 10.0.40219.1
Project("{FAE04EC0-301F-11D3-BF4B-00C04F79EFBC}") = "TakumiTest1", "TakumiTest1.csproj", "{33B49D12-8F4C-4B2C-A6CD-C45D24210FEA}"
EndProject
Global
	GlobalSection(SolutionConfigurationPlatforms) = preSolution
		Debug|Any CPU = Debug|Any CPU
		Release|Any CPU = Release|Any CPU
	EndGlobalSection
	GlobalSection(ProjectConfigurationPlatforms) = postSolution
		{33B49D12-8F4C-4B2C-A6CD-C45D24210FEA}.Debug|Any CPU.ActiveCfg = Debug|Any CPU
		{33B49D12-8F4C-4B2C-A6CD-C45D24210FEA}.Debug|Any CPU.Build.0 = Debug|Any CPU
		{33B49D12-8F4C-4B2C-A6CD-C45D24210FEA}.Release|Any CPU.ActiveCfg = Release|Any CPU
		{33B49D12-8F4C-4B2C-A6CD-C45D24210FEA}.Release|Any CPU.Build.0 = Release|Any CPU
	EndGlobalSection
	GlobalSection(SolutionProperties) = preSolution
		HideSolutionNode = FALSE
	EndGlobalSection
	GlobalSection(ExtensibilityGlobals) = postSolution
		SolutionGuid = {A02836AE-99C0-4E51-B449-BB73FCAEACE8}
	EndGlobalSection
EndGlobal
